
Microsoft Visual Studio Solution File, Format Version 12.00
# Visual Studio Version 17
VisualStudioVersion = 17.1.32319.34
MinimumVisualStudioVersion = 10.0.40219.1
Project("{FAE04EC0-301F-11D3-BF4B-00C04F79EFBC}") = "IndexHtmlReWriter", "IndexHtmlReWriter\IndexHtmlReWriter.csproj", "{6E691FB0-BF67-445E-937F-CB3319FF766A}"
EndProject
Global
	GlobalSection(SolutionConfigurationPlatforms) = preSolution
		Debug|Any CPU = Debug|Any CPU
		Release|Any CPU = Release|Any CPU
	EndGlobalSection
	GlobalSection(ProjectConfigurationPlatforms) = postSolution
		{6E691FB0-BF67-445E-937F-CB3319FF766A}.Debug|Any CPU.ActiveCfg = Debug|Any CPU
		{6E691FB0-BF67-445E-937F-CB3319FF766A}.Debug|Any CPU.Build.0 = Debug|Any CPU
		{6E691FB0-BF67-445E-937F-CB3319FF766A}.Release|Any CPU.ActiveCfg = Release|Any CPU
		{6E691FB0-BF67-445E-937F-CB3319FF766A}.Release|Any CPU.Build.0 = Release|Any CPU
	EndGlobalSection
	GlobalSection(SolutionProperties) = preSolution
		HideSolutionNode = FALSE
	EndGlobalSection
	GlobalSection(ExtensibilityGlobals) = postSolution
		SolutionGuid = {87CD3B69-D9E1-4BD3-A53C-631E1E119E01}
	EndGlobalSection
EndGlobal
