
Microsoft Visual Studio Solution File, Format Version 12.00
# Visual Studio Version 17
VisualStudioVersion = 17.4.33205.214
MinimumVisualStudioVersion = 10.0.40219.1
Project("{9A19103F-16F7-4668-BE54-9A1E7A4F7556}") = "ServiceBusBasedDotNet.Web", "ServiceBusBasedDotNet.Web\ServiceBusBasedDotNet.Web.csproj", "{63FC7A51-585D-433E-BC8F-F774DCDBC273}"
EndProject
Project("{E53339B2-1760-4266-BCC7-CA923CBCF16C}") = "docker-compose", "docker-compose.dcproj", "{93D9C850-9E36-4541-96B5-B80F1181AEC9}"
EndProject
Project("{FAE04EC0-301F-11D3-BF4B-00C04F79EFBC}") = "ServiceBusBasedDotNet.Test", "ServiceBusBasedDotNet.Test\ServiceBusBasedDotNet.Test.csproj", "{6354B182-0F0F-483B-B458-8642D6439C07}"
EndProject
Global
	GlobalSection(SolutionConfigurationPlatforms) = preSolution
		Debug|Any CPU = Debug|Any CPU
		Release|Any CPU = Release|Any CPU
	EndGlobalSection
	GlobalSection(ProjectConfigurationPlatforms) = postSolution
		{63FC7A51-585D-433E-BC8F-F774DCDBC273}.Debug|Any CPU.ActiveCfg = Debug|Any CPU
		{63FC7A51-585D-433E-BC8F-F774DCDBC273}.Debug|Any CPU.Build.0 = Debug|Any CPU
		{63FC7A51-585D-433E-BC8F-F774DCDBC273}.Release|Any CPU.ActiveCfg = Release|Any CPU
		{63FC7A51-585D-433E-BC8F-F774DCDBC273}.Release|Any CPU.Build.0 = Release|Any CPU
		{93D9C850-9E36-4541-96B5-B80F1181AEC9}.Debug|Any CPU.ActiveCfg = Debug|Any CPU
		{93D9C850-9E36-4541-96B5-B80F1181AEC9}.Debug|Any CPU.Build.0 = Debug|Any CPU
		{93D9C850-9E36-4541-96B5-B80F1181AEC9}.Release|Any CPU.ActiveCfg = Release|Any CPU
		{93D9C850-9E36-4541-96B5-B80F1181AEC9}.Release|Any CPU.Build.0 = Release|Any CPU
		{6354B182-0F0F-483B-B458-8642D6439C07}.Debug|Any CPU.ActiveCfg = Debug|Any CPU
		{6354B182-0F0F-483B-B458-8642D6439C07}.Debug|Any CPU.Build.0 = Debug|Any CPU
		{6354B182-0F0F-483B-B458-8642D6439C07}.Release|Any CPU.ActiveCfg = Release|Any CPU
		{6354B182-0F0F-483B-B458-8642D6439C07}.Release|Any CPU.Build.0 = Release|Any CPU
	EndGlobalSection
	GlobalSection(SolutionProperties) = preSolution
		HideSolutionNode = FALSE
	EndGlobalSection
	GlobalSection(ExtensibilityGlobals) = postSolution
		SolutionGuid = {77FC9D89-91E2-4430-83B9-0DC00CD22CC0}
	EndGlobalSection
EndGlobal
