
Microsoft Visual Studio Solution File, Format Version 12.00
# Visual Studio Version 17
VisualStudioVersion = 17.0.32112.339
MinimumVisualStudioVersion = 10.0.40219.1
Project("{FAE04EC0-301F-11D3-BF4B-00C04F79EFBC}") = "BigFileUpload", "BigFileUpload\BigFileUpload.csproj", "{64AB25B1-7ACF-48D5-8542-A7AECA47D1D4}"
EndProject
Global
	GlobalSection(SolutionConfigurationPlatforms) = preSolution
		Debug|Any CPU = Debug|Any CPU
		Release|Any CPU = Release|Any CPU
	EndGlobalSection
	GlobalSection(ProjectConfigurationPlatforms) = postSolution
		{64AB25B1-7ACF-48D5-8542-A7AECA47D1D4}.Debug|Any CPU.ActiveCfg = Debug|Any CPU
		{64AB25B1-7ACF-48D5-8542-A7AECA47D1D4}.Debug|Any CPU.Build.0 = Debug|Any CPU
		{64AB25B1-7ACF-48D5-8542-A7AECA47D1D4}.Release|Any CPU.ActiveCfg = Release|Any CPU
		{64AB25B1-7ACF-48D5-8542-A7AECA47D1D4}.Release|Any CPU.Build.0 = Release|Any CPU
	EndGlobalSection
	GlobalSection(SolutionProperties) = preSolution
		HideSolutionNode = FALSE
	EndGlobalSection
	GlobalSection(ExtensibilityGlobals) = postSolution
		SolutionGuid = {BCA56190-1C5A-4EC3-85C6-FFCF37F56B67}
	EndGlobalSection
EndGlobal
