
Microsoft Visual Studio Solution File, Format Version 12.00
# Visual Studio Version 17
VisualStudioVersion = 17.6.33815.320
MinimumVisualStudioVersion = 10.0.40219.1
Project("{FAE04EC0-301F-11D3-BF4B-00C04F79EFBC}") = "MediatR.Analyzers", "MediatR.Analyzers\MediatR.Analyzers\MediatR.Analyzers.csproj", "{EE2BBE8E-C500-4DEF-A5A7-ACDF83B54369}"
EndProject
Project("{FAE04EC0-301F-11D3-BF4B-00C04F79EFBC}") = "MediatR.Analyzers.CodeFixes", "MediatR.Analyzers\MediatR.Analyzers.CodeFixes\MediatR.Analyzers.CodeFixes.csproj", "{F43CA4BB-EBA0-40CB-AFB3-B2A713A8D443}"
EndProject
Project("{FAE04EC0-301F-11D3-BF4B-00C04F79EFBC}") = "MediatR.Analyzers.Package", "MediatR.Analyzers\MediatR.Analyzers.Package\MediatR.Analyzers.Package.csproj", "{92820AC5-E8F1-4AFA-8C7F-8BB85DF9100E}"
EndProject
Project("{FAE04EC0-301F-11D3-BF4B-00C04F79EFBC}") = "MediatR.Analyzers.Test", "MediatR.Analyzers\MediatR.Analyzers.Test\MediatR.Analyzers.Test.csproj", "{6297124E-87D4-40CE-9B65-F7C2C687B124}"
EndProject
Project("{FAE04EC0-301F-11D3-BF4B-00C04F79EFBC}") = "MediatR.Analyzers.Vsix", "MediatR.Analyzers\MediatR.Analyzers.Vsix\MediatR.Analyzers.Vsix.csproj", "{80E57E77-FFD5-4CF2-963E-880A621668B2}"
EndProject
Global
	GlobalSection(SolutionConfigurationPlatforms) = preSolution
		Debug|Any CPU = Debug|Any CPU
		Release|Any CPU = Release|Any CPU
	EndGlobalSection
	GlobalSection(ProjectConfigurationPlatforms) = postSolution
		{EE2BBE8E-C500-4DEF-A5A7-ACDF83B54369}.Debug|Any CPU.ActiveCfg = Debug|Any CPU
		{EE2BBE8E-C500-4DEF-A5A7-ACDF83B54369}.Debug|Any CPU.Build.0 = Debug|Any CPU
		{EE2BBE8E-C500-4DEF-A5A7-ACDF83B54369}.Release|Any CPU.ActiveCfg = Release|Any CPU
		{EE2BBE8E-C500-4DEF-A5A7-ACDF83B54369}.Release|Any CPU.Build.0 = Release|Any CPU
		{F43CA4BB-EBA0-40CB-AFB3-B2A713A8D443}.Debug|Any CPU.ActiveCfg = Debug|Any CPU
		{F43CA4BB-EBA0-40CB-AFB3-B2A713A8D443}.Debug|Any CPU.Build.0 = Debug|Any CPU
		{F43CA4BB-EBA0-40CB-AFB3-B2A713A8D443}.Release|Any CPU.ActiveCfg = Release|Any CPU
		{F43CA4BB-EBA0-40CB-AFB3-B2A713A8D443}.Release|Any CPU.Build.0 = Release|Any CPU
		{92820AC5-E8F1-4AFA-8C7F-8BB85DF9100E}.Debug|Any CPU.ActiveCfg = Debug|Any CPU
		{92820AC5-E8F1-4AFA-8C7F-8BB85DF9100E}.Debug|Any CPU.Build.0 = Debug|Any CPU
		{92820AC5-E8F1-4AFA-8C7F-8BB85DF9100E}.Release|Any CPU.ActiveCfg = Release|Any CPU
		{92820AC5-E8F1-4AFA-8C7F-8BB85DF9100E}.Release|Any CPU.Build.0 = Release|Any CPU
		{6297124E-87D4-40CE-9B65-F7C2C687B124}.Debug|Any CPU.ActiveCfg = Debug|Any CPU
		{6297124E-87D4-40CE-9B65-F7C2C687B124}.Debug|Any CPU.Build.0 = Debug|Any CPU
		{6297124E-87D4-40CE-9B65-F7C2C687B124}.Release|Any CPU.ActiveCfg = Release|Any CPU
		{6297124E-87D4-40CE-9B65-F7C2C687B124}.Release|Any CPU.Build.0 = Release|Any CPU
		{80E57E77-FFD5-4CF2-963E-880A621668B2}.Debug|Any CPU.ActiveCfg = Debug|Any CPU
		{80E57E77-FFD5-4CF2-963E-880A621668B2}.Debug|Any CPU.Build.0 = Debug|Any CPU
		{80E57E77-FFD5-4CF2-963E-880A621668B2}.Release|Any CPU.ActiveCfg = Release|Any CPU
		{80E57E77-FFD5-4CF2-963E-880A621668B2}.Release|Any CPU.Build.0 = Release|Any CPU
	EndGlobalSection
	GlobalSection(SolutionProperties) = preSolution
		HideSolutionNode = FALSE
	EndGlobalSection
	GlobalSection(ExtensibilityGlobals) = postSolution
		SolutionGuid = {8A2F4F98-73C2-453A-8F6C-E5EC3C828CA7}
	EndGlobalSection
EndGlobal
