
Microsoft Visual Studio Solution File, Format Version 12.00
# Visual Studio 15
VisualStudioVersion = 15.0.27428.2043
MinimumVisualStudioVersion = 10.0.40219.1
Project("{FAE04EC0-301F-11D3-BF4B-00C04F79EFBC}") = "FastTypeDescriptors", "FastTypeDescriptors\FastTypeDescriptors.csproj", "{7DADE369-FB2B-43B0-AC2E-08D9A9654B7D}"
EndProject
Project("{FAE04EC0-301F-11D3-BF4B-00C04F79EFBC}") = "FastTypeDescriptors.Tests", "FastTypeDescriptors.Tests\FastTypeDescriptors.Tests.csproj", "{854895F9-D2F9-416E-975C-4A5026B40FFF}"
EndProject
Global
	GlobalSection(SolutionConfigurationPlatforms) = preSolution
		Debug|Any CPU = Debug|Any CPU
		Release|Any CPU = Release|Any CPU
	EndGlobalSection
	GlobalSection(ProjectConfigurationPlatforms) = postSolution
		{7DADE369-FB2B-43B0-AC2E-08D9A9654B7D}.Debug|Any CPU.ActiveCfg = Debug|Any CPU
		{7DADE369-FB2B-43B0-AC2E-08D9A9654B7D}.Debug|Any CPU.Build.0 = Debug|Any CPU
		{7DADE369-FB2B-43B0-AC2E-08D9A9654B7D}.Release|Any CPU.ActiveCfg = Release|Any CPU
		{7DADE369-FB2B-43B0-AC2E-08D9A9654B7D}.Release|Any CPU.Build.0 = Release|Any CPU
		{854895F9-D2F9-416E-975C-4A5026B40FFF}.Debug|Any CPU.ActiveCfg = Debug|Any CPU
		{854895F9-D2F9-416E-975C-4A5026B40FFF}.Debug|Any CPU.Build.0 = Debug|Any CPU
		{854895F9-D2F9-416E-975C-4A5026B40FFF}.Release|Any CPU.ActiveCfg = Release|Any CPU
		{854895F9-D2F9-416E-975C-4A5026B40FFF}.Release|Any CPU.Build.0 = Release|Any CPU
	EndGlobalSection
	GlobalSection(SolutionProperties) = preSolution
		HideSolutionNode = FALSE
	EndGlobalSection
	GlobalSection(ExtensibilityGlobals) = postSolution
		SolutionGuid = {62E27201-49EE-4ADE-BE63-4FA2749104D5}
	EndGlobalSection
EndGlobal
